
Microsoft Visual Studio Solution File, Format Version 12.00
# Visual Studio 15
VisualStudioVersion = 15.0.28307.902
MinimumVisualStudioVersion = 10.0.40219.1
Project("{FAE04EC0-301F-11D3-BF4B-00C04F79EFBC}") = "WebCustomerRelationManagement.Models", "WebCustomerRelationManagement.Models\WebCustomerRelationManagement.Models.csproj", "{187E80D8-56AF-43A9-A81E-5C2A30BDC5EA}"
EndProject
Project("{FAE04EC0-301F-11D3-BF4B-00C04F79EFBC}") = "WebCustomerRelationManagement.Interface", "WebCustomerRelationManagement.Interface\WebCustomerRelationManagement.Interface.csproj", "{E9A61309-5A7F-464D-ABF6-1FA1180847D1}"
EndProject
Project("{FAE04EC0-301F-11D3-BF4B-00C04F79EFBC}") = "WebCustomerRelationManagement.Concrete", "..\..\WebCustomerRelationManagement.Concrete\WebCustomerRelationManagement.Concrete.csproj", "{95CBE750-06AC-45E0-8DC2-8691A0FFC78E}"
EndProject
Global
	GlobalSection(SolutionConfigurationPlatforms) = preSolution
		Debug|Any CPU = Debug|Any CPU
		Release|Any CPU = Release|Any CPU
	EndGlobalSection
	GlobalSection(ProjectConfigurationPlatforms) = postSolution
		{187E80D8-56AF-43A9-A81E-5C2A30BDC5EA}.Debug|Any CPU.ActiveCfg = Debug|Any CPU
		{187E80D8-56AF-43A9-A81E-5C2A30BDC5EA}.Debug|Any CPU.Build.0 = Debug|Any CPU
		{187E80D8-56AF-43A9-A81E-5C2A30BDC5EA}.Release|Any CPU.ActiveCfg = Release|Any CPU
		{187E80D8-56AF-43A9-A81E-5C2A30BDC5EA}.Release|Any CPU.Build.0 = Release|Any CPU
		{E9A61309-5A7F-464D-ABF6-1FA1180847D1}.Debug|Any CPU.ActiveCfg = Debug|Any CPU
		{E9A61309-5A7F-464D-ABF6-1FA1180847D1}.Debug|Any CPU.Build.0 = Debug|Any CPU
		{E9A61309-5A7F-464D-ABF6-1FA1180847D1}.Release|Any CPU.ActiveCfg = Release|Any CPU
		{E9A61309-5A7F-464D-ABF6-1FA1180847D1}.Release|Any CPU.Build.0 = Release|Any CPU
		{95CBE750-06AC-45E0-8DC2-8691A0FFC78E}.Debug|Any CPU.ActiveCfg = Debug|Any CPU
		{95CBE750-06AC-45E0-8DC2-8691A0FFC78E}.Debug|Any CPU.Build.0 = Debug|Any CPU
		{95CBE750-06AC-45E0-8DC2-8691A0FFC78E}.Release|Any CPU.ActiveCfg = Release|Any CPU
		{95CBE750-06AC-45E0-8DC2-8691A0FFC78E}.Release|Any CPU.Build.0 = Release|Any CPU
	EndGlobalSection
	GlobalSection(SolutionProperties) = preSolution
		HideSolutionNode = FALSE
	EndGlobalSection
	GlobalSection(ExtensibilityGlobals) = postSolution
		SolutionGuid = {A9AECDE8-A102-45A5-9F7E-CD62C95E99B6}
	EndGlobalSection
EndGlobal
